
Microsoft Visual Studio Solution File, Format Version 11.00
# Visual Studio 2010
Project("{FAE04EC0-301F-11D3-BF4B-00C04F79EFBC}") = "Commerce", "Commerce\Commerce.csproj", "{C1301D59-47B0-4D64-8A3C-97AC9354B845}"
EndProject
Project("{2150E333-8FDC-42A3-9474-1A3956D46DE8}") = "Solution Items", "Solution Items", "{9AA02325-D380-41A9-9E78-AE1D82909808}"
	ProjectSection(SolutionItems) = preProject
		DIP1.vsmdi = DIP1.vsmdi
		Local.testsettings = Local.testsettings
		TraceAndTestImpact.testsettings = TraceAndTestImpact.testsettings
	EndProjectSection
EndProject
Global
	GlobalSection(TestCaseManagementSettings) = postSolution
		CategoryFile = DIP1.vsmdi
	EndGlobalSection
	GlobalSection(SolutionConfigurationPlatforms) = preSolution
		Debug|Any CPU = Debug|Any CPU
		Release|Any CPU = Release|Any CPU
	EndGlobalSection
	GlobalSection(ProjectConfigurationPlatforms) = postSolution
		{C1301D59-47B0-4D64-8A3C-97AC9354B845}.Debug|Any CPU.ActiveCfg = Debug|Any CPU
		{C1301D59-47B0-4D64-8A3C-97AC9354B845}.Debug|Any CPU.Build.0 = Debug|Any CPU
		{C1301D59-47B0-4D64-8A3C-97AC9354B845}.Release|Any CPU.ActiveCfg = Release|Any CPU
		{C1301D59-47B0-4D64-8A3C-97AC9354B845}.Release|Any CPU.Build.0 = Release|Any CPU
	EndGlobalSection
	GlobalSection(SolutionProperties) = preSolution
		HideSolutionNode = FALSE
	EndGlobalSection
EndGlobal
